// !$*UTF8*$!
{
	archiveVersion = 1;
	classes = {
	};
	objectVersion = 56;
	objects = {

/* Begin PBXBuildFile section */
		0801E4D52A5438660048526A /* MyClassesCollectionViewCell.swift in Sources */ = {isa = PBXBuildFile; fileRef = 0801E4D32A5438660048526A /* MyClassesCollectionViewCell.swift */; };
		0801E4D62A5438660048526A /* MyClassesCollectionViewCell.xib in Resources */ = {isa = PBXBuildFile; fileRef = 0801E4D42A5438660048526A /* MyClassesCollectionViewCell.xib */; };
		0838F9852A49B18B00897044 /* AppDelegate.swift in Sources */ = {isa = PBXBuildFile; fileRef = 0838F9842A49B18B00897044 /* AppDelegate.swift */; };
		0838F9872A49B18B00897044 /* SceneDelegate.swift in Sources */ = {isa = PBXBuildFile; fileRef = 0838F9862A49B18B00897044 /* SceneDelegate.swift */; };
		0838F9892A49B18B00897044 /* MyClassesViewController.swift in Sources */ = {isa = PBXBuildFile; fileRef = 0838F9882A49B18B00897044 /* MyClassesViewController.swift */; };
		0838F98C2A49B18B00897044 /* Main.storyboard in Resources */ = {isa = PBXBuildFile; fileRef = 0838F98A2A49B18B00897044 /* Main.storyboard */; };
		0838F98F2A49B18B00897044 /* Groupy.xcdatamodeld in Sources */ = {isa = PBXBuildFile; fileRef = 0838F98D2A49B18B00897044 /* Groupy.xcdatamodeld */; };
		0838F9912A49B18C00897044 /* Assets.xcassets in Resources */ = {isa = PBXBuildFile; fileRef = 0838F9902A49B18C00897044 /* Assets.xcassets */; };
		0838F9942A49B18C00897044 /* LaunchScreen.storyboard in Resources */ = {isa = PBXBuildFile; fileRef = 0838F9922A49B18C00897044 /* LaunchScreen.storyboard */; };
		085C253F2A55AB6800B01639 /* ClassStatusTableViewCell.swift in Sources */ = {isa = PBXBuildFile; fileRef = 085C253D2A55AB6800B01639 /* ClassStatusTableViewCell.swift */; };
		085C25402A55AB6800B01639 /* ClassStatusTableViewCell.xib in Resources */ = {isa = PBXBuildFile; fileRef = 085C253E2A55AB6800B01639 /* ClassStatusTableViewCell.xib */; };
		0887D72F2A52F75B00DC9560 /* TabBarViewController.swift in Sources */ = {isa = PBXBuildFile; fileRef = 0887D72E2A52F75B00DC9560 /* TabBarViewController.swift */; };
		08D7B47A2A49B96900712E7A /* CriteriaViewController.swift in Sources */ = {isa = PBXBuildFile; fileRef = 08D7B4792A49B96900712E7A /* CriteriaViewController.swift */; };
		571336682A54393F00F9698E /* CoreDataEndpoints.swift in Sources */ = {isa = PBXBuildFile; fileRef = 571336672A54393F00F9698E /* CoreDataEndpoints.swift */; };
		5733FF0E2A4EF40A004D6C85 /* OnboardingViewController.swift in Sources */ = {isa = PBXBuildFile; fileRef = 5733FF0D2A4EF40A004D6C85 /* OnboardingViewController.swift */; };
		5733FF122A4EF4AD004D6C85 /* CriteriaDetailsViewController.swift in Sources */ = {isa = PBXBuildFile; fileRef = 5733FF112A4EF4AD004D6C85 /* CriteriaDetailsViewController.swift */; };
		5733FF142A4EF5ED004D6C85 /* LoginFlow.storyboard in Resources */ = {isa = PBXBuildFile; fileRef = 5733FF132A4EF5ED004D6C85 /* LoginFlow.storyboard */; };
		5733FF162A4EF5FB004D6C85 /* StudentFlow.storyboard in Resources */ = {isa = PBXBuildFile; fileRef = 5733FF152A4EF5FB004D6C85 /* StudentFlow.storyboard */; };
		5733FF182A4EF614004D6C85 /* EducatorFlow.storyboard in Resources */ = {isa = PBXBuildFile; fileRef = 5733FF172A4EF614004D6C85 /* EducatorFlow.storyboard */; };
		5733FF1E2A4EF85F004D6C85 /* ProfileViewController.swift in Sources */ = {isa = PBXBuildFile; fileRef = 5733FF1D2A4EF85F004D6C85 /* ProfileViewController.swift */; };
		5733FF202A4EFA00004D6C85 /* CreateClassViewController.swift in Sources */ = {isa = PBXBuildFile; fileRef = 5733FF1F2A4EFA00004D6C85 /* CreateClassViewController.swift */; };
		5733FF222A4EFA23004D6C85 /* ShareCodeViewController.swift in Sources */ = {isa = PBXBuildFile; fileRef = 5733FF212A4EFA23004D6C85 /* ShareCodeViewController.swift */; };
		5733FF262A4EFCFE004D6C85 /* ShareCodeDetailViewController.swift in Sources */ = {isa = PBXBuildFile; fileRef = 5733FF252A4EFCFE004D6C85 /* ShareCodeDetailViewController.swift */; };
		57A386D52A5462750082760F /* MockData.swift in Sources */ = {isa = PBXBuildFile; fileRef = 57A386D42A5462750082760F /* MockData.swift */; };
		57CEBE132A55A87600C15C3C /* Educator+CoreDataClass.swift in Sources */ = {isa = PBXBuildFile; fileRef = 57CEBE072A55A87600C15C3C /* Educator+CoreDataClass.swift */; };
		57CEBE142A55A87600C15C3C /* Educator+CoreDataProperties.swift in Sources */ = {isa = PBXBuildFile; fileRef = 57CEBE082A55A87600C15C3C /* Educator+CoreDataProperties.swift */; };
		57CEBE152A55A87600C15C3C /* Group+CoreDataClass.swift in Sources */ = {isa = PBXBuildFile; fileRef = 57CEBE092A55A87600C15C3C /* Group+CoreDataClass.swift */; };
		57CEBE162A55A87600C15C3C /* Group+CoreDataProperties.swift in Sources */ = {isa = PBXBuildFile; fileRef = 57CEBE0A2A55A87600C15C3C /* Group+CoreDataProperties.swift */; };
		57CEBE172A55A87600C15C3C /* Student+CoreDataClass.swift in Sources */ = {isa = PBXBuildFile; fileRef = 57CEBE0B2A55A87600C15C3C /* Student+CoreDataClass.swift */; };
		57CEBE182A55A87600C15C3C /* Student+CoreDataProperties.swift in Sources */ = {isa = PBXBuildFile; fileRef = 57CEBE0C2A55A87600C15C3C /* Student+CoreDataProperties.swift */; };
		57CEBE192A55A87600C15C3C /* User+CoreDataClass.swift in Sources */ = {isa = PBXBuildFile; fileRef = 57CEBE0D2A55A87600C15C3C /* User+CoreDataClass.swift */; };
		57CEBE1A2A55A87600C15C3C /* User+CoreDataProperties.swift in Sources */ = {isa = PBXBuildFile; fileRef = 57CEBE0E2A55A87600C15C3C /* User+CoreDataProperties.swift */; };
		57CEBE1B2A55A87600C15C3C /* Project+CoreDataClass.swift in Sources */ = {isa = PBXBuildFile; fileRef = 57CEBE0F2A55A87600C15C3C /* Project+CoreDataClass.swift */; };
		57CEBE1C2A55A87600C15C3C /* Project+CoreDataProperties.swift in Sources */ = {isa = PBXBuildFile; fileRef = 57CEBE102A55A87600C15C3C /* Project+CoreDataProperties.swift */; };
		57CEBE1D2A55A87600C15C3C /* Class+CoreDataClass.swift in Sources */ = {isa = PBXBuildFile; fileRef = 57CEBE112A55A87600C15C3C /* Class+CoreDataClass.swift */; };
		57CEBE1E2A55A87600C15C3C /* Class+CoreDataProperties.swift in Sources */ = {isa = PBXBuildFile; fileRef = 57CEBE122A55A87600C15C3C /* Class+CoreDataProperties.swift */; };
		57E3D9DD2A4EFDFF0081F8F5 /* CreateProjectViewController.swift in Sources */ = {isa = PBXBuildFile; fileRef = 57E3D9DC2A4EFDFF0081F8F5 /* CreateProjectViewController.swift */; };
		57E3D9DF2A4EFE160081F8F5 /* CriteriaCustomizationViewController.swift in Sources */ = {isa = PBXBuildFile; fileRef = 57E3D9DE2A4EFE160081F8F5 /* CriteriaCustomizationViewController.swift */; };
		57E3D9E12A4EFE3F0081F8F5 /* CriteriaHelpViewController.swift in Sources */ = {isa = PBXBuildFile; fileRef = 57E3D9E02A4EFE3F0081F8F5 /* CriteriaHelpViewController.swift */; };
		57E3D9E52A4EFF8A0081F8F5 /* LoginViewController.swift in Sources */ = {isa = PBXBuildFile; fileRef = 57E3D9E42A4EFF8A0081F8F5 /* LoginViewController.swift */; };
		57E3D9E72A4EFF9A0081F8F5 /* ChooseAccountViewController.swift in Sources */ = {isa = PBXBuildFile; fileRef = 57E3D9E62A4EFF9A0081F8F5 /* ChooseAccountViewController.swift */; };
		57E3D9EB2A4F07870081F8F5 /* CreateStudentPersonalityViewController.swift in Sources */ = {isa = PBXBuildFile; fileRef = 57E3D9EA2A4F07870081F8F5 /* CreateStudentPersonalityViewController.swift */; };
		57E3D9ED2A4F08E70081F8F5 /* CreateEducatorViewController.swift in Sources */ = {isa = PBXBuildFile; fileRef = 57E3D9EC2A4F08E70081F8F5 /* CreateEducatorViewController.swift */; };
		57E3D9EF2A4F0FB10081F8F5 /* EducatorJoinClassViewController.swift in Sources */ = {isa = PBXBuildFile; fileRef = 57E3D9EE2A4F0FB10081F8F5 /* EducatorJoinClassViewController.swift */; };
		57E3D9F12A4F0FFA0081F8F5 /* EducatorProjectStatusViewController.swift in Sources */ = {isa = PBXBuildFile; fileRef = 57E3D9F02A4F0FFA0081F8F5 /* EducatorProjectStatusViewController.swift */; };
		57E3D9F32A4F10510081F8F5 /* EducatorClassStatusViewController.swift in Sources */ = {isa = PBXBuildFile; fileRef = 57E3D9F22A4F10510081F8F5 /* EducatorClassStatusViewController.swift */; };
		57E3D9F52A4F10780081F8F5 /* StudentProjectStatusViewController.swift in Sources */ = {isa = PBXBuildFile; fileRef = 57E3D9F42A4F10780081F8F5 /* StudentProjectStatusViewController.swift */; };
		57E3D9F72A4F10890081F8F5 /* StudentJoinClassViewController.swift in Sources */ = {isa = PBXBuildFile; fileRef = 57E3D9F62A4F10880081F8F5 /* StudentJoinClassViewController.swift */; };
		57E3D9F92A4F109F0081F8F5 /* StudentClassStatusViewController.swift in Sources */ = {isa = PBXBuildFile; fileRef = 57E3D9F82A4F109F0081F8F5 /* StudentClassStatusViewController.swift */; };
		57E3DA032A4F151E0081F8F5 /* GiveFeedbackViewController.swift in Sources */ = {isa = PBXBuildFile; fileRef = 57E3DA022A4F151E0081F8F5 /* GiveFeedbackViewController.swift */; };
		57E3DA052A4F15320081F8F5 /* ReadFeedbackViewController.swift in Sources */ = {isa = PBXBuildFile; fileRef = 57E3DA042A4F15320081F8F5 /* ReadFeedbackViewController.swift */; };
		57E3DA072A4F1ECD0081F8F5 /* CreateStudentViewController.swift in Sources */ = {isa = PBXBuildFile; fileRef = 57E3DA062A4F1ECD0081F8F5 /* CreateStudentViewController.swift */; };
		A7397AD72A559949006A6662 /* CriteriaCollectionViewCell.swift in Sources */ = {isa = PBXBuildFile; fileRef = A7397AD52A559949006A6662 /* CriteriaCollectionViewCell.swift */; };
		A7397AD82A559949006A6662 /* CriteriaCollectionViewCell.xib in Resources */ = {isa = PBXBuildFile; fileRef = A7397AD62A559949006A6662 /* CriteriaCollectionViewCell.xib */; };
		D32482CE2A530A3D003D25B3 /* StutentCellTableViewCell.swift in Sources */ = {isa = PBXBuildFile; fileRef = D32482CC2A530A3D003D25B3 /* StutentCellTableViewCell.swift */; };
		D32482CF2A530A3D003D25B3 /* StutentCellTableViewCell.xib in Resources */ = {isa = PBXBuildFile; fileRef = D32482CD2A530A3D003D25B3 /* StutentCellTableViewCell.xib */; };
/* End PBXBuildFile section */

/* Begin PBXFileReference section */
		0801E4D32A5438660048526A /* MyClassesCollectionViewCell.swift */ = {isa = PBXFileReference; lastKnownFileType = sourcecode.swift; path = MyClassesCollectionViewCell.swift; sourceTree = "<group>"; };
		0801E4D42A5438660048526A /* MyClassesCollectionViewCell.xib */ = {isa = PBXFileReference; lastKnownFileType = file.xib; path = MyClassesCollectionViewCell.xib; sourceTree = "<group>"; };
		0838F9812A49B18B00897044 /* Groupy.app */ = {isa = PBXFileReference; explicitFileType = wrapper.application; includeInIndex = 0; path = Groupy.app; sourceTree = BUILT_PRODUCTS_DIR; };
		0838F9842A49B18B00897044 /* AppDelegate.swift */ = {isa = PBXFileReference; lastKnownFileType = sourcecode.swift; path = AppDelegate.swift; sourceTree = "<group>"; };
		0838F9862A49B18B00897044 /* SceneDelegate.swift */ = {isa = PBXFileReference; lastKnownFileType = sourcecode.swift; path = SceneDelegate.swift; sourceTree = "<group>"; };
		0838F9882A49B18B00897044 /* MyClassesViewController.swift */ = {isa = PBXFileReference; lastKnownFileType = sourcecode.swift; path = MyClassesViewController.swift; sourceTree = "<group>"; };
		0838F98B2A49B18B00897044 /* Base */ = {isa = PBXFileReference; lastKnownFileType = file.storyboard; name = Base; path = Base.lproj/Main.storyboard; sourceTree = "<group>"; };
		0838F98E2A49B18B00897044 /* Groupy.xcdatamodel */ = {isa = PBXFileReference; lastKnownFileType = wrapper.xcdatamodel; path = Groupy.xcdatamodel; sourceTree = "<group>"; };
		0838F9902A49B18C00897044 /* Assets.xcassets */ = {isa = PBXFileReference; lastKnownFileType = folder.assetcatalog; path = Assets.xcassets; sourceTree = "<group>"; };
		0838F9932A49B18C00897044 /* Base */ = {isa = PBXFileReference; lastKnownFileType = file.storyboard; name = Base; path = Base.lproj/LaunchScreen.storyboard; sourceTree = "<group>"; };
		0838F9952A49B18C00897044 /* Info.plist */ = {isa = PBXFileReference; lastKnownFileType = text.plist.xml; path = Info.plist; sourceTree = "<group>"; };
		085C253D2A55AB6800B01639 /* ClassStatusTableViewCell.swift */ = {isa = PBXFileReference; lastKnownFileType = sourcecode.swift; path = ClassStatusTableViewCell.swift; sourceTree = "<group>"; };
		085C253E2A55AB6800B01639 /* ClassStatusTableViewCell.xib */ = {isa = PBXFileReference; lastKnownFileType = file.xib; path = ClassStatusTableViewCell.xib; sourceTree = "<group>"; };
		0887D72E2A52F75B00DC9560 /* TabBarViewController.swift */ = {isa = PBXFileReference; lastKnownFileType = sourcecode.swift; path = TabBarViewController.swift; sourceTree = "<group>"; };
		08D7B4792A49B96900712E7A /* CriteriaViewController.swift */ = {isa = PBXFileReference; lastKnownFileType = sourcecode.swift; path = CriteriaViewController.swift; sourceTree = "<group>"; };
		571336672A54393F00F9698E /* CoreDataEndpoints.swift */ = {isa = PBXFileReference; lastKnownFileType = sourcecode.swift; path = CoreDataEndpoints.swift; sourceTree = "<group>"; };
		5733FF0D2A4EF40A004D6C85 /* OnboardingViewController.swift */ = {isa = PBXFileReference; lastKnownFileType = sourcecode.swift; path = OnboardingViewController.swift; sourceTree = "<group>"; };
		5733FF112A4EF4AD004D6C85 /* CriteriaDetailsViewController.swift */ = {isa = PBXFileReference; lastKnownFileType = sourcecode.swift; path = CriteriaDetailsViewController.swift; sourceTree = "<group>"; };
		5733FF132A4EF5ED004D6C85 /* LoginFlow.storyboard */ = {isa = PBXFileReference; lastKnownFileType = file.storyboard; path = LoginFlow.storyboard; sourceTree = "<group>"; };
		5733FF152A4EF5FB004D6C85 /* StudentFlow.storyboard */ = {isa = PBXFileReference; lastKnownFileType = file.storyboard; path = StudentFlow.storyboard; sourceTree = "<group>"; };
		5733FF172A4EF614004D6C85 /* EducatorFlow.storyboard */ = {isa = PBXFileReference; lastKnownFileType = file.storyboard; path = EducatorFlow.storyboard; sourceTree = "<group>"; };
		5733FF1D2A4EF85F004D6C85 /* ProfileViewController.swift */ = {isa = PBXFileReference; lastKnownFileType = sourcecode.swift; path = ProfileViewController.swift; sourceTree = "<group>"; };
		5733FF1F2A4EFA00004D6C85 /* CreateClassViewController.swift */ = {isa = PBXFileReference; lastKnownFileType = sourcecode.swift; path = CreateClassViewController.swift; sourceTree = "<group>"; };
		5733FF212A4EFA23004D6C85 /* ShareCodeViewController.swift */ = {isa = PBXFileReference; lastKnownFileType = sourcecode.swift; path = ShareCodeViewController.swift; sourceTree = "<group>"; };
		5733FF252A4EFCFE004D6C85 /* ShareCodeDetailViewController.swift */ = {isa = PBXFileReference; lastKnownFileType = sourcecode.swift; path = ShareCodeDetailViewController.swift; sourceTree = "<group>"; };
		57A386D42A5462750082760F /* MockData.swift */ = {isa = PBXFileReference; lastKnownFileType = sourcecode.swift; path = MockData.swift; sourceTree = "<group>"; };
		57CEBE072A55A87600C15C3C /* Educator+CoreDataClass.swift */ = {isa = PBXFileReference; lastKnownFileType = sourcecode.swift; path = "Educator+CoreDataClass.swift"; sourceTree = "<group>"; };
		57CEBE082A55A87600C15C3C /* Educator+CoreDataProperties.swift */ = {isa = PBXFileReference; lastKnownFileType = sourcecode.swift; path = "Educator+CoreDataProperties.swift"; sourceTree = "<group>"; };
		57CEBE092A55A87600C15C3C /* Group+CoreDataClass.swift */ = {isa = PBXFileReference; lastKnownFileType = sourcecode.swift; path = "Group+CoreDataClass.swift"; sourceTree = "<group>"; };
		57CEBE0A2A55A87600C15C3C /* Group+CoreDataProperties.swift */ = {isa = PBXFileReference; lastKnownFileType = sourcecode.swift; path = "Group+CoreDataProperties.swift"; sourceTree = "<group>"; };
		57CEBE0B2A55A87600C15C3C /* Student+CoreDataClass.swift */ = {isa = PBXFileReference; lastKnownFileType = sourcecode.swift; path = "Student+CoreDataClass.swift"; sourceTree = "<group>"; };
		57CEBE0C2A55A87600C15C3C /* Student+CoreDataProperties.swift */ = {isa = PBXFileReference; lastKnownFileType = sourcecode.swift; path = "Student+CoreDataProperties.swift"; sourceTree = "<group>"; };
		57CEBE0D2A55A87600C15C3C /* User+CoreDataClass.swift */ = {isa = PBXFileReference; lastKnownFileType = sourcecode.swift; path = "User+CoreDataClass.swift"; sourceTree = "<group>"; };
		57CEBE0E2A55A87600C15C3C /* User+CoreDataProperties.swift */ = {isa = PBXFileReference; lastKnownFileType = sourcecode.swift; path = "User+CoreDataProperties.swift"; sourceTree = "<group>"; };
		57CEBE0F2A55A87600C15C3C /* Project+CoreDataClass.swift */ = {isa = PBXFileReference; lastKnownFileType = sourcecode.swift; path = "Project+CoreDataClass.swift"; sourceTree = "<group>"; };
		57CEBE102A55A87600C15C3C /* Project+CoreDataProperties.swift */ = {isa = PBXFileReference; lastKnownFileType = sourcecode.swift; path = "Project+CoreDataProperties.swift"; sourceTree = "<group>"; };
		57CEBE112A55A87600C15C3C /* Class+CoreDataClass.swift */ = {isa = PBXFileReference; lastKnownFileType = sourcecode.swift; path = "Class+CoreDataClass.swift"; sourceTree = "<group>"; };
		57CEBE122A55A87600C15C3C /* Class+CoreDataProperties.swift */ = {isa = PBXFileReference; lastKnownFileType = sourcecode.swift; path = "Class+CoreDataProperties.swift"; sourceTree = "<group>"; };
		57E3D9DC2A4EFDFF0081F8F5 /* CreateProjectViewController.swift */ = {isa = PBXFileReference; lastKnownFileType = sourcecode.swift; path = CreateProjectViewController.swift; sourceTree = "<group>"; };
		57E3D9DE2A4EFE160081F8F5 /* CriteriaCustomizationViewController.swift */ = {isa = PBXFileReference; lastKnownFileType = sourcecode.swift; path = CriteriaCustomizationViewController.swift; sourceTree = "<group>"; };
		57E3D9E02A4EFE3F0081F8F5 /* CriteriaHelpViewController.swift */ = {isa = PBXFileReference; lastKnownFileType = sourcecode.swift; path = CriteriaHelpViewController.swift; sourceTree = "<group>"; };
		57E3D9E42A4EFF8A0081F8F5 /* LoginViewController.swift */ = {isa = PBXFileReference; lastKnownFileType = sourcecode.swift; path = LoginViewController.swift; sourceTree = "<group>"; };
		57E3D9E62A4EFF9A0081F8F5 /* ChooseAccountViewController.swift */ = {isa = PBXFileReference; lastKnownFileType = sourcecode.swift; path = ChooseAccountViewController.swift; sourceTree = "<group>"; };
		57E3D9EA2A4F07870081F8F5 /* CreateStudentPersonalityViewController.swift */ = {isa = PBXFileReference; lastKnownFileType = sourcecode.swift; path = CreateStudentPersonalityViewController.swift; sourceTree = "<group>"; };
		57E3D9EC2A4F08E70081F8F5 /* CreateEducatorViewController.swift */ = {isa = PBXFileReference; lastKnownFileType = sourcecode.swift; path = CreateEducatorViewController.swift; sourceTree = "<group>"; };
		57E3D9EE2A4F0FB10081F8F5 /* EducatorJoinClassViewController.swift */ = {isa = PBXFileReference; lastKnownFileType = sourcecode.swift; path = EducatorJoinClassViewController.swift; sourceTree = "<group>"; };
		57E3D9F02A4F0FFA0081F8F5 /* EducatorProjectStatusViewController.swift */ = {isa = PBXFileReference; lastKnownFileType = sourcecode.swift; path = EducatorProjectStatusViewController.swift; sourceTree = "<group>"; };
		57E3D9F22A4F10510081F8F5 /* EducatorClassStatusViewController.swift */ = {isa = PBXFileReference; lastKnownFileType = sourcecode.swift; path = EducatorClassStatusViewController.swift; sourceTree = "<group>"; };
		57E3D9F42A4F10780081F8F5 /* StudentProjectStatusViewController.swift */ = {isa = PBXFileReference; lastKnownFileType = sourcecode.swift; path = StudentProjectStatusViewController.swift; sourceTree = "<group>"; };
		57E3D9F62A4F10880081F8F5 /* StudentJoinClassViewController.swift */ = {isa = PBXFileReference; lastKnownFileType = sourcecode.swift; path = StudentJoinClassViewController.swift; sourceTree = "<group>"; };
		57E3D9F82A4F109F0081F8F5 /* StudentClassStatusViewController.swift */ = {isa = PBXFileReference; lastKnownFileType = sourcecode.swift; path = StudentClassStatusViewController.swift; sourceTree = "<group>"; };
		57E3DA022A4F151E0081F8F5 /* GiveFeedbackViewController.swift */ = {isa = PBXFileReference; lastKnownFileType = sourcecode.swift; path = GiveFeedbackViewController.swift; sourceTree = "<group>"; };
		57E3DA042A4F15320081F8F5 /* ReadFeedbackViewController.swift */ = {isa = PBXFileReference; lastKnownFileType = sourcecode.swift; path = ReadFeedbackViewController.swift; sourceTree = "<group>"; };
		57E3DA062A4F1ECD0081F8F5 /* CreateStudentViewController.swift */ = {isa = PBXFileReference; lastKnownFileType = sourcecode.swift; path = CreateStudentViewController.swift; sourceTree = "<group>"; };
		A7397AD52A559949006A6662 /* CriteriaCollectionViewCell.swift */ = {isa = PBXFileReference; lastKnownFileType = sourcecode.swift; path = CriteriaCollectionViewCell.swift; sourceTree = "<group>"; };
		A7397AD62A559949006A6662 /* CriteriaCollectionViewCell.xib */ = {isa = PBXFileReference; lastKnownFileType = file.xib; path = CriteriaCollectionViewCell.xib; sourceTree = "<group>"; };
		D32482CC2A530A3D003D25B3 /* StutentCellTableViewCell.swift */ = {isa = PBXFileReference; lastKnownFileType = sourcecode.swift; path = StutentCellTableViewCell.swift; sourceTree = "<group>"; };
		D32482CD2A530A3D003D25B3 /* StutentCellTableViewCell.xib */ = {isa = PBXFileReference; lastKnownFileType = file.xib; path = StutentCellTableViewCell.xib; sourceTree = "<group>"; };
/* End PBXFileReference section */

/* Begin PBXFrameworksBuildPhase section */
		0838F97E2A49B18B00897044 /* Frameworks */ = {
			isa = PBXFrameworksBuildPhase;
			buildActionMask = 2147483647;
			files = (
			);
			runOnlyForDeploymentPostprocessing = 0;
		};
/* End PBXFrameworksBuildPhase section */

/* Begin PBXGroup section */
		0838F9782A49B18B00897044 = {
			isa = PBXGroup;
			children = (
				0838F9832A49B18B00897044 /* Groupy */,
				0838F9822A49B18B00897044 /* Products */,
			);
			sourceTree = "<group>";
		};
		0838F9822A49B18B00897044 /* Products */ = {
			isa = PBXGroup;
			children = (
				0838F9812A49B18B00897044 /* Groupy.app */,
			);
			name = Products;
			sourceTree = "<group>";
		};
		0838F9832A49B18B00897044 /* Groupy */ = {
			isa = PBXGroup;
			children = (
				571336812A54468D00F9698E /* Models */,
				5733FF192A4EF65D004D6C85 /* Main */,
				08D7B4782A49B91B00712E7A /* Delegates */,
				0838F9842A49B18B00897044 /* AppDelegate.swift */,
				0838F9862A49B18B00897044 /* SceneDelegate.swift */,
				5733FF1C2A4EF6E9004D6C85 /* StudentFlow */,
				5733FF1B2A4EF6DF004D6C85 /* EducatorFlow */,
				5733FF1A2A4EF6C1004D6C85 /* LoginFlow */,
				D32482CB2A5309FB003D25B3 /* Components */,
				0838F9902A49B18C00897044 /* Assets.xcassets */,
				0838F9922A49B18C00897044 /* LaunchScreen.storyboard */,
				0838F9952A49B18C00897044 /* Info.plist */,
				0838F98D2A49B18B00897044 /* Groupy.xcdatamodeld */,
			);
			path = Groupy;
			sourceTree = "<group>";
		};
		08D7B4782A49B91B00712E7A /* Delegates */ = {
			isa = PBXGroup;
			children = (
			);
			path = Delegates;
			sourceTree = "<group>";
		};
		571336812A54468D00F9698E /* Models */ = {
			isa = PBXGroup;
			children = (
				57CEBE072A55A87600C15C3C /* Educator+CoreDataClass.swift */,
				57CEBE082A55A87600C15C3C /* Educator+CoreDataProperties.swift */,
				57CEBE092A55A87600C15C3C /* Group+CoreDataClass.swift */,
				57CEBE0A2A55A87600C15C3C /* Group+CoreDataProperties.swift */,
				57CEBE0B2A55A87600C15C3C /* Student+CoreDataClass.swift */,
				57CEBE0C2A55A87600C15C3C /* Student+CoreDataProperties.swift */,
				57CEBE0D2A55A87600C15C3C /* User+CoreDataClass.swift */,
				57CEBE0E2A55A87600C15C3C /* User+CoreDataProperties.swift */,
				57CEBE0F2A55A87600C15C3C /* Project+CoreDataClass.swift */,
				57CEBE102A55A87600C15C3C /* Project+CoreDataProperties.swift */,
				57CEBE112A55A87600C15C3C /* Class+CoreDataClass.swift */,
				57CEBE122A55A87600C15C3C /* Class+CoreDataProperties.swift */,
				571336672A54393F00F9698E /* CoreDataEndpoints.swift */,
				57A386D42A5462750082760F /* MockData.swift */,
			);
			path = Models;
			sourceTree = "<group>";
		};
		5733FF192A4EF65D004D6C85 /* Main */ = {
			isa = PBXGroup;
			children = (
				0838F98A2A49B18B00897044 /* Main.storyboard */,
				0838F9882A49B18B00897044 /* MyClassesViewController.swift */,
				08D7B4792A49B96900712E7A /* CriteriaViewController.swift */,
				5733FF1D2A4EF85F004D6C85 /* ProfileViewController.swift */,
				5733FF112A4EF4AD004D6C85 /* CriteriaDetailsViewController.swift */,
				5733FF0D2A4EF40A004D6C85 /* OnboardingViewController.swift */,
				0887D72E2A52F75B00DC9560 /* TabBarViewController.swift */,
			);
			path = Main;
			sourceTree = "<group>";
		};
		5733FF1A2A4EF6C1004D6C85 /* LoginFlow */ = {
			isa = PBXGroup;
			children = (
				5733FF132A4EF5ED004D6C85 /* LoginFlow.storyboard */,
				57E3D9E42A4EFF8A0081F8F5 /* LoginViewController.swift */,
				57E3D9E62A4EFF9A0081F8F5 /* ChooseAccountViewController.swift */,
				57E3D9EC2A4F08E70081F8F5 /* CreateEducatorViewController.swift */,
				57E3DA062A4F1ECD0081F8F5 /* CreateStudentViewController.swift */,
				57E3D9EA2A4F07870081F8F5 /* CreateStudentPersonalityViewController.swift */,
			);
			path = LoginFlow;
			sourceTree = "<group>";
		};
		5733FF1B2A4EF6DF004D6C85 /* EducatorFlow */ = {
			isa = PBXGroup;
			children = (
				5733FF172A4EF614004D6C85 /* EducatorFlow.storyboard */,
				5733FF1F2A4EFA00004D6C85 /* CreateClassViewController.swift */,
				57E3D9F22A4F10510081F8F5 /* EducatorClassStatusViewController.swift */,
				57E3D9EE2A4F0FB10081F8F5 /* EducatorJoinClassViewController.swift */,
				5733FF212A4EFA23004D6C85 /* ShareCodeViewController.swift */,
				5733FF252A4EFCFE004D6C85 /* ShareCodeDetailViewController.swift */,
				57E3D9F02A4F0FFA0081F8F5 /* EducatorProjectStatusViewController.swift */,
				57E3D9DC2A4EFDFF0081F8F5 /* CreateProjectViewController.swift */,
				57E3D9DE2A4EFE160081F8F5 /* CriteriaCustomizationViewController.swift */,
				57E3D9E02A4EFE3F0081F8F5 /* CriteriaHelpViewController.swift */,
			);
			path = EducatorFlow;
			sourceTree = "<group>";
		};
		5733FF1C2A4EF6E9004D6C85 /* StudentFlow */ = {
			isa = PBXGroup;
			children = (
				5733FF152A4EF5FB004D6C85 /* StudentFlow.storyboard */,
				57E3D9F82A4F109F0081F8F5 /* StudentClassStatusViewController.swift */,
				57E3D9F62A4F10880081F8F5 /* StudentJoinClassViewController.swift */,
				57E3D9F42A4F10780081F8F5 /* StudentProjectStatusViewController.swift */,
				57E3DA042A4F15320081F8F5 /* ReadFeedbackViewController.swift */,
				57E3DA022A4F151E0081F8F5 /* GiveFeedbackViewController.swift */,
			);
			path = StudentFlow;
			sourceTree = "<group>";
		};
		D32482CB2A5309FB003D25B3 /* Components */ = {
			isa = PBXGroup;
			children = (
				D32482CC2A530A3D003D25B3 /* StutentCellTableViewCell.swift */,
				D32482CD2A530A3D003D25B3 /* StutentCellTableViewCell.xib */,
				A7397AD52A559949006A6662 /* CriteriaCollectionViewCell.swift */,
				A7397AD62A559949006A6662 /* CriteriaCollectionViewCell.xib */,
				0801E4D32A5438660048526A /* MyClassesCollectionViewCell.swift */,
				0801E4D42A5438660048526A /* MyClassesCollectionViewCell.xib */,
				085C253D2A55AB6800B01639 /* ClassStatusTableViewCell.swift */,
				085C253E2A55AB6800B01639 /* ClassStatusTableViewCell.xib */,
			);
			path = Components;
			sourceTree = "<group>";
		};
/* End PBXGroup section */

/* Begin PBXNativeTarget section */
		0838F9802A49B18B00897044 /* Groupy */ = {
			isa = PBXNativeTarget;
			buildConfigurationList = 0838F9982A49B18C00897044 /* Build configuration list for PBXNativeTarget "Groupy" */;
			buildPhases = (
				0838F97D2A49B18B00897044 /* Sources */,
				0838F97E2A49B18B00897044 /* Frameworks */,
				0838F97F2A49B18B00897044 /* Resources */,
			);
			buildRules = (
			);
			dependencies = (
			);
			name = Groupy;
			productName = Groupy;
			productReference = 0838F9812A49B18B00897044 /* Groupy.app */;
			productType = "com.apple.product-type.application";
		};
/* End PBXNativeTarget section */

/* Begin PBXProject section */
		0838F9792A49B18B00897044 /* Project object */ = {
			isa = PBXProject;
			attributes = {
				BuildIndependentTargetsInParallel = 1;
				LastSwiftUpdateCheck = 1420;
				LastUpgradeCheck = 1420;
				TargetAttributes = {
					0838F9802A49B18B00897044 = {
						CreatedOnToolsVersion = 14.2;
					};
				};
			};
			buildConfigurationList = 0838F97C2A49B18B00897044 /* Build configuration list for PBXProject "Groupy" */;
			compatibilityVersion = "Xcode 14.0";
			developmentRegion = en;
			hasScannedForEncodings = 0;
			knownRegions = (
				en,
				Base,
			);
			mainGroup = 0838F9782A49B18B00897044;
			productRefGroup = 0838F9822A49B18B00897044 /* Products */;
			projectDirPath = "";
			projectRoot = "";
			targets = (
				0838F9802A49B18B00897044 /* Groupy */,
			);
		};
/* End PBXProject section */

/* Begin PBXResourcesBuildPhase section */
		0838F97F2A49B18B00897044 /* Resources */ = {
			isa = PBXResourcesBuildPhase;
			buildActionMask = 2147483647;
			files = (
				D32482CF2A530A3D003D25B3 /* StutentCellTableViewCell.xib in Resources */,
				A7397AD82A559949006A6662 /* CriteriaCollectionViewCell.xib in Resources */,
				5733FF142A4EF5ED004D6C85 /* LoginFlow.storyboard in Resources */,
				5733FF162A4EF5FB004D6C85 /* StudentFlow.storyboard in Resources */,
				0801E4D62A5438660048526A /* MyClassesCollectionViewCell.xib in Resources */,
				0838F9942A49B18C00897044 /* LaunchScreen.storyboard in Resources */,
				0838F9912A49B18C00897044 /* Assets.xcassets in Resources */,
				085C25402A55AB6800B01639 /* ClassStatusTableViewCell.xib in Resources */,
				0838F98C2A49B18B00897044 /* Main.storyboard in Resources */,
				5733FF182A4EF614004D6C85 /* EducatorFlow.storyboard in Resources */,
			);
			runOnlyForDeploymentPostprocessing = 0;
		};
/* End PBXResourcesBuildPhase section */

/* Begin PBXSourcesBuildPhase section */
		0838F97D2A49B18B00897044 /* Sources */ = {
			isa = PBXSourcesBuildPhase;
			buildActionMask = 2147483647;
			files = (
				57CEBE172A55A87600C15C3C /* Student+CoreDataClass.swift in Sources */,
				0838F9892A49B18B00897044 /* MyClassesViewController.swift in Sources */,
				57E3DA072A4F1ECD0081F8F5 /* CreateStudentViewController.swift in Sources */,
				0838F98F2A49B18B00897044 /* Groupy.xcdatamodeld in Sources */,
				A7397AD72A559949006A6662 /* CriteriaCollectionViewCell.swift in Sources */,
				5733FF262A4EFCFE004D6C85 /* ShareCodeDetailViewController.swift in Sources */,
				0887D72F2A52F75B00DC9560 /* TabBarViewController.swift in Sources */,
				08D7B47A2A49B96900712E7A /* CriteriaViewController.swift in Sources */,
				57E3DA052A4F15320081F8F5 /* ReadFeedbackViewController.swift in Sources */,
				085C253F2A55AB6800B01639 /* ClassStatusTableViewCell.swift in Sources */,
				57E3D9F32A4F10510081F8F5 /* EducatorClassStatusViewController.swift in Sources */,
				D32482CE2A530A3D003D25B3 /* StutentCellTableViewCell.swift in Sources */,
				57E3D9F92A4F109F0081F8F5 /* StudentClassStatusViewController.swift in Sources */,
				5733FF0E2A4EF40A004D6C85 /* OnboardingViewController.swift in Sources */,
				571336682A54393F00F9698E /* CoreDataEndpoints.swift in Sources */,
				57CEBE142A55A87600C15C3C /* Educator+CoreDataProperties.swift in Sources */,
				0838F9852A49B18B00897044 /* AppDelegate.swift in Sources */,
				5733FF122A4EF4AD004D6C85 /* CriteriaDetailsViewController.swift in Sources */,
				5733FF1E2A4EF85F004D6C85 /* ProfileViewController.swift in Sources */,
				57CEBE162A55A87600C15C3C /* Group+CoreDataProperties.swift in Sources */,
				57CEBE1E2A55A87600C15C3C /* Class+CoreDataProperties.swift in Sources */,
				57A386D52A5462750082760F /* MockData.swift in Sources */,
				0838F9872A49B18B00897044 /* SceneDelegate.swift in Sources */,
				5733FF202A4EFA00004D6C85 /* CreateClassViewController.swift in Sources */,
				57CEBE132A55A87600C15C3C /* Educator+CoreDataClass.swift in Sources */,
				57E3D9F72A4F10890081F8F5 /* StudentJoinClassViewController.swift in Sources */,
				57E3D9ED2A4F08E70081F8F5 /* CreateEducatorViewController.swift in Sources */,
				57CEBE1D2A55A87600C15C3C /* Class+CoreDataClass.swift in Sources */,
				57CEBE1B2A55A87600C15C3C /* Project+CoreDataClass.swift in Sources */,
				57CEBE1C2A55A87600C15C3C /* Project+CoreDataProperties.swift in Sources */,
				57E3D9F52A4F10780081F8F5 /* StudentProjectStatusViewController.swift in Sources */,
				57CEBE152A55A87600C15C3C /* Group+CoreDataClass.swift in Sources */,
				57E3D9E12A4EFE3F0081F8F5 /* CriteriaHelpViewController.swift in Sources */,
				57E3D9EF2A4F0FB10081F8F5 /* EducatorJoinClassViewController.swift in Sources */,
				57E3D9DD2A4EFDFF0081F8F5 /* CreateProjectViewController.swift in Sources */,
				57E3DA032A4F151E0081F8F5 /* GiveFeedbackViewController.swift in Sources */,
				57E3D9E52A4EFF8A0081F8F5 /* LoginViewController.swift in Sources */,
				57E3D9E72A4EFF9A0081F8F5 /* ChooseAccountViewController.swift in Sources */,
				57CEBE192A55A87600C15C3C /* User+CoreDataClass.swift in Sources */,
				5733FF222A4EFA23004D6C85 /* ShareCodeViewController.swift in Sources */,
				57E3D9F12A4F0FFA0081F8F5 /* EducatorProjectStatusViewController.swift in Sources */,
				57CEBE1A2A55A87600C15C3C /* User+CoreDataProperties.swift in Sources */,
				57E3D9DF2A4EFE160081F8F5 /* CriteriaCustomizationViewController.swift in Sources */,
				57E3D9EB2A4F07870081F8F5 /* CreateStudentPersonalityViewController.swift in Sources */,
				0801E4D52A5438660048526A /* MyClassesCollectionViewCell.swift in Sources */,
				57CEBE182A55A87600C15C3C /* Student+CoreDataProperties.swift in Sources */,
			);
			runOnlyForDeploymentPostprocessing = 0;
		};
/* End PBXSourcesBuildPhase section */

/* Begin PBXVariantGroup section */
		0838F98A2A49B18B00897044 /* Main.storyboard */ = {
			isa = PBXVariantGroup;
			children = (
				0838F98B2A49B18B00897044 /* Base */,
			);
			name = Main.storyboard;
			sourceTree = "<group>";
		};
		0838F9922A49B18C00897044 /* LaunchScreen.storyboard */ = {
			isa = PBXVariantGroup;
			children = (
				0838F9932A49B18C00897044 /* Base */,
			);
			name = LaunchScreen.storyboard;
			sourceTree = "<group>";
		};
/* End PBXVariantGroup section */

/* Begin XCBuildConfiguration section */
		0838F9962A49B18C00897044 /* Debug */ = {
			isa = XCBuildConfiguration;
			buildSettings = {
				ALWAYS_SEARCH_USER_PATHS = NO;
				CLANG_ANALYZER_NONNULL = YES;
				CLANG_ANALYZER_NUMBER_OBJECT_CONVERSION = YES_AGGRESSIVE;
				CLANG_CXX_LANGUAGE_STANDARD = "gnu++20";
				CLANG_ENABLE_MODULES = YES;
				CLANG_ENABLE_OBJC_ARC = YES;
				CLANG_ENABLE_OBJC_WEAK = YES;
				CLANG_WARN_BLOCK_CAPTURE_AUTORELEASING = YES;
				CLANG_WARN_BOOL_CONVERSION = YES;
				CLANG_WARN_COMMA = YES;
				CLANG_WARN_CONSTANT_CONVERSION = YES;
				CLANG_WARN_DEPRECATED_OBJC_IMPLEMENTATIONS = YES;
				CLANG_WARN_DIRECT_OBJC_ISA_USAGE = YES_ERROR;
				CLANG_WARN_DOCUMENTATION_COMMENTS = YES;
				CLANG_WARN_EMPTY_BODY = YES;
				CLANG_WARN_ENUM_CONVERSION = YES;
				CLANG_WARN_INFINITE_RECURSION = YES;
				CLANG_WARN_INT_CONVERSION = YES;
				CLANG_WARN_NON_LITERAL_NULL_CONVERSION = YES;
				CLANG_WARN_OBJC_IMPLICIT_RETAIN_SELF = YES;
				CLANG_WARN_OBJC_LITERAL_CONVERSION = YES;
				CLANG_WARN_OBJC_ROOT_CLASS = YES_ERROR;
				CLANG_WARN_QUOTED_INCLUDE_IN_FRAMEWORK_HEADER = YES;
				CLANG_WARN_RANGE_LOOP_ANALYSIS = YES;
				CLANG_WARN_STRICT_PROTOTYPES = YES;
				CLANG_WARN_SUSPICIOUS_MOVE = YES;
				CLANG_WARN_UNGUARDED_AVAILABILITY = YES_AGGRESSIVE;
				CLANG_WARN_UNREACHABLE_CODE = YES;
				CLANG_WARN__DUPLICATE_METHOD_MATCH = YES;
				COPY_PHASE_STRIP = NO;
				DEBUG_INFORMATION_FORMAT = dwarf;
				ENABLE_STRICT_OBJC_MSGSEND = YES;
				ENABLE_TESTABILITY = YES;
				GCC_C_LANGUAGE_STANDARD = gnu11;
				GCC_DYNAMIC_NO_PIC = NO;
				GCC_NO_COMMON_BLOCKS = YES;
				GCC_OPTIMIZATION_LEVEL = 0;
				GCC_PREPROCESSOR_DEFINITIONS = (
					"DEBUG=1",
					"$(inherited)",
				);
				GCC_WARN_64_TO_32_BIT_CONVERSION = YES;
				GCC_WARN_ABOUT_RETURN_TYPE = YES_ERROR;
				GCC_WARN_UNDECLARED_SELECTOR = YES;
				GCC_WARN_UNINITIALIZED_AUTOS = YES_AGGRESSIVE;
				GCC_WARN_UNUSED_FUNCTION = YES;
				GCC_WARN_UNUSED_VARIABLE = YES;
				IPHONEOS_DEPLOYMENT_TARGET = 16.2;
				MTL_ENABLE_DEBUG_INFO = INCLUDE_SOURCE;
				MTL_FAST_MATH = YES;
				ONLY_ACTIVE_ARCH = YES;
				SDKROOT = iphoneos;
				SWIFT_ACTIVE_COMPILATION_CONDITIONS = DEBUG;
				SWIFT_OPTIMIZATION_LEVEL = "-Onone";
			};
			name = Debug;
		};
		0838F9972A49B18C00897044 /* Release */ = {
			isa = XCBuildConfiguration;
			buildSettings = {
				ALWAYS_SEARCH_USER_PATHS = NO;
				CLANG_ANALYZER_NONNULL = YES;
				CLANG_ANALYZER_NUMBER_OBJECT_CONVERSION = YES_AGGRESSIVE;
				CLANG_CXX_LANGUAGE_STANDARD = "gnu++20";
				CLANG_ENABLE_MODULES = YES;
				CLANG_ENABLE_OBJC_ARC = YES;
				CLANG_ENABLE_OBJC_WEAK = YES;
				CLANG_WARN_BLOCK_CAPTURE_AUTORELEASING = YES;
				CLANG_WARN_BOOL_CONVERSION = YES;
				CLANG_WARN_COMMA = YES;
				CLANG_WARN_CONSTANT_CONVERSION = YES;
				CLANG_WARN_DEPRECATED_OBJC_IMPLEMENTATIONS = YES;
				CLANG_WARN_DIRECT_OBJC_ISA_USAGE = YES_ERROR;
				CLANG_WARN_DOCUMENTATION_COMMENTS = YES;
				CLANG_WARN_EMPTY_BODY = YES;
				CLANG_WARN_ENUM_CONVERSION = YES;
				CLANG_WARN_INFINITE_RECURSION = YES;
				CLANG_WARN_INT_CONVERSION = YES;
				CLANG_WARN_NON_LITERAL_NULL_CONVERSION = YES;
				CLANG_WARN_OBJC_IMPLICIT_RETAIN_SELF = YES;
				CLANG_WARN_OBJC_LITERAL_CONVERSION = YES;
				CLANG_WARN_OBJC_ROOT_CLASS = YES_ERROR;
				CLANG_WARN_QUOTED_INCLUDE_IN_FRAMEWORK_HEADER = YES;
				CLANG_WARN_RANGE_LOOP_ANALYSIS = YES;
				CLANG_WARN_STRICT_PROTOTYPES = YES;
				CLANG_WARN_SUSPICIOUS_MOVE = YES;
				CLANG_WARN_UNGUARDED_AVAILABILITY = YES_AGGRESSIVE;
				CLANG_WARN_UNREACHABLE_CODE = YES;
				CLANG_WARN__DUPLICATE_METHOD_MATCH = YES;
				COPY_PHASE_STRIP = NO;
				DEBUG_INFORMATION_FORMAT = "dwarf-with-dsym";
				ENABLE_NS_ASSERTIONS = NO;
				ENABLE_STRICT_OBJC_MSGSEND = YES;
				GCC_C_LANGUAGE_STANDARD = gnu11;
				GCC_NO_COMMON_BLOCKS = YES;
				GCC_WARN_64_TO_32_BIT_CONVERSION = YES;
				GCC_WARN_ABOUT_RETURN_TYPE = YES_ERROR;
				GCC_WARN_UNDECLARED_SELECTOR = YES;
				GCC_WARN_UNINITIALIZED_AUTOS = YES_AGGRESSIVE;
				GCC_WARN_UNUSED_FUNCTION = YES;
				GCC_WARN_UNUSED_VARIABLE = YES;
				IPHONEOS_DEPLOYMENT_TARGET = 16.2;
				MTL_ENABLE_DEBUG_INFO = NO;
				MTL_FAST_MATH = YES;
				SDKROOT = iphoneos;
				SWIFT_COMPILATION_MODE = wholemodule;
				SWIFT_OPTIMIZATION_LEVEL = "-O";
				VALIDATE_PRODUCT = YES;
			};
			name = Release;
		};
		0838F9992A49B18C00897044 /* Debug */ = {
			isa = XCBuildConfiguration;
			buildSettings = {
				ASSETCATALOG_COMPILER_APPICON_NAME = AppIcon;
				ASSETCATALOG_COMPILER_GLOBAL_ACCENT_COLOR_NAME = AccentColor;
				CODE_SIGN_STYLE = Automatic;
				CURRENT_PROJECT_VERSION = 1;
				DEVELOPMENT_TEAM = X375XF3WN3;
				GENERATE_INFOPLIST_FILE = YES;
				INFOPLIST_FILE = Groupy/Info.plist;
				INFOPLIST_KEY_UIApplicationSupportsIndirectInputEvents = YES;
				INFOPLIST_KEY_UILaunchStoryboardName = LaunchScreen;
				INFOPLIST_KEY_UIMainStoryboardFile = Main;
				INFOPLIST_KEY_UISupportedInterfaceOrientations_iPad = "UIInterfaceOrientationPortrait UIInterfaceOrientationPortraitUpsideDown UIInterfaceOrientationLandscapeLeft UIInterfaceOrientationLandscapeRight";
				INFOPLIST_KEY_UISupportedInterfaceOrientations_iPhone = "UIInterfaceOrientationPortrait UIInterfaceOrientationLandscapeLeft UIInterfaceOrientationLandscapeRight";
				IPHONEOS_DEPLOYMENT_TARGET = 16.2;
				LD_RUNPATH_SEARCH_PATHS = (
					"$(inherited)",
					"@executable_path/Frameworks",
				);
				MARKETING_VERSION = 1.0;
				PRODUCT_BUNDLE_IDENTIFIER = com.Groupy.Groupy;
				PRODUCT_NAME = "$(TARGET_NAME)";
				SWIFT_EMIT_LOC_STRINGS = YES;
				SWIFT_VERSION = 5.0;
				TARGETED_DEVICE_FAMILY = "1,2";
			};
			name = Debug;
		};
		0838F99A2A49B18C00897044 /* Release */ = {
			isa = XCBuildConfiguration;
			buildSettings = {
				ASSETCATALOG_COMPILER_APPICON_NAME = AppIcon;
				ASSETCATALOG_COMPILER_GLOBAL_ACCENT_COLOR_NAME = AccentColor;
				CODE_SIGN_STYLE = Automatic;
				CURRENT_PROJECT_VERSION = 1;
				DEVELOPMENT_TEAM = X375XF3WN3;
				GENERATE_INFOPLIST_FILE = YES;
				INFOPLIST_FILE = Groupy/Info.plist;
				INFOPLIST_KEY_UIApplicationSupportsIndirectInputEvents = YES;
				INFOPLIST_KEY_UILaunchStoryboardName = LaunchScreen;
				INFOPLIST_KEY_UIMainStoryboardFile = Main;
				INFOPLIST_KEY_UISupportedInterfaceOrientations_iPad = "UIInterfaceOrientationPortrait UIInterfaceOrientationPortraitUpsideDown UIInterfaceOrientationLandscapeLeft UIInterfaceOrientationLandscapeRight";
				INFOPLIST_KEY_UISupportedInterfaceOrientations_iPhone = "UIInterfaceOrientationPortrait UIInterfaceOrientationLandscapeLeft UIInterfaceOrientationLandscapeRight";
				IPHONEOS_DEPLOYMENT_TARGET = 16.2;
				LD_RUNPATH_SEARCH_PATHS = (
					"$(inherited)",
					"@executable_path/Frameworks",
				);
				MARKETING_VERSION = 1.0;
				PRODUCT_BUNDLE_IDENTIFIER = com.Groupy.Groupy;
				PRODUCT_NAME = "$(TARGET_NAME)";
				SWIFT_EMIT_LOC_STRINGS = YES;
				SWIFT_VERSION = 5.0;
				TARGETED_DEVICE_FAMILY = "1,2";
			};
			name = Release;
		};
/* End XCBuildConfiguration section */

/* Begin XCConfigurationList section */
		0838F97C2A49B18B00897044 /* Build configuration list for PBXProject "Groupy" */ = {
			isa = XCConfigurationList;
			buildConfigurations = (
				0838F9962A49B18C00897044 /* Debug */,
				0838F9972A49B18C00897044 /* Release */,
			);
			defaultConfigurationIsVisible = 0;
			defaultConfigurationName = Release;
		};
		0838F9982A49B18C00897044 /* Build configuration list for PBXNativeTarget "Groupy" */ = {
			isa = XCConfigurationList;
			buildConfigurations = (
				0838F9992A49B18C00897044 /* Debug */,
				0838F99A2A49B18C00897044 /* Release */,
			);
			defaultConfigurationIsVisible = 0;
			defaultConfigurationName = Release;
		};
/* End XCConfigurationList section */

/* Begin XCVersionGroup section */
		0838F98D2A49B18B00897044 /* Groupy.xcdatamodeld */ = {
			isa = XCVersionGroup;
			children = (
				0838F98E2A49B18B00897044 /* Groupy.xcdatamodel */,
			);
			currentVersion = 0838F98E2A49B18B00897044 /* Groupy.xcdatamodel */;
			path = Groupy.xcdatamodeld;
			sourceTree = "<group>";
			versionGroupType = wrapper.xcdatamodel;
		};
/* End XCVersionGroup section */
	};
	rootObject = 0838F9792A49B18B00897044 /* Project object */;
}
